PODS:
  - Flutter (1.0.0)
  - plugin_synth (0.0.1):
    - Flutter

DEPENDENCIES:
  - Flutter (from `Flutter`)
  - plugin_synth (from `.symlinks/plugins/plugin_synth/ios`)

EXTERNAL SOURCES:
  Flutter:
    :path: Flutter
  plugin_synth:
    :path: ".symlinks/plugins/plugin_synth/ios"

SPEC CHECKSUMS:
  Flutter: 0e3d915762c693b495b44d77113d4970485de6ec
  plugin_synth: 14dbbe78a6e694379ec62a8100c223b6ae33e6bc

PODFILE CHECKSUM: 80450aca6617effa556412222988813bff59b5cb

COCOAPODS: 1.9.3
